// !$*UTF8*$!
{
	archiveVersion = 1;
	classes = {
	};
	objectVersion = 50;
	objects = {

/* Begin PBXBuildFile section */
		606EE909271A0E1300412C7D /* UserInfoVC.swift in Sources */ = {isa = PBXBuildFile; fileRef = 606EE908271A0E1300412C7D /* UserInfoVC.swift */; };
		606EE90B2725BB2600412C7D /* GFUserInfoHeaderVC.swift in Sources */ = {isa = PBXBuildFile; fileRef = 606EE90A2725BB2600412C7D /* GFUserInfoHeaderVC.swift */; };
		606EE90D2725BB8C00412C7D /* GFSecondaryTitleLabel.swift in Sources */ = {isa = PBXBuildFile; fileRef = 606EE90C2725BB8C00412C7D /* GFSecondaryTitleLabel.swift */; };
		606EE90F2725E42C00412C7D /* Constants.swift in Sources */ = {isa = PBXBuildFile; fileRef = 606EE90E2725E42C00412C7D /* Constants.swift */; };
		60AB88192726EAE100C2E17E /* GFItemInfoView.swift in Sources */ = {isa = PBXBuildFile; fileRef = 60AB88182726EAE100C2E17E /* GFItemInfoView.swift */; };
		60AB881B272707FD00C2E17E /* GFItemInfoVC.swift in Sources */ = {isa = PBXBuildFile; fileRef = 60AB881A272707FD00C2E17E /* GFItemInfoVC.swift */; };
		60AB881D27270B6B00C2E17E /* GFRepoItemVC.swift in Sources */ = {isa = PBXBuildFile; fileRef = 60AB881C27270B6B00C2E17E /* GFRepoItemVC.swift */; };
		60AB881F27273A6A00C2E17E /* GFFollowerItemVC.swift in Sources */ = {isa = PBXBuildFile; fileRef = 60AB881E27273A6A00C2E17E /* GFFollowerItemVC.swift */; };
		60B8449B27064CCF00EE1CDD /* AppDelegate.swift in Sources */ = {isa = PBXBuildFile; fileRef = 60B8449A27064CCF00EE1CDD /* AppDelegate.swift */; };
		60B8449D27064CCF00EE1CDD /* SceneDelegate.swift in Sources */ = {isa = PBXBuildFile; fileRef = 60B8449C27064CCF00EE1CDD /* SceneDelegate.swift */; };
		60B844A427064CD000EE1CDD /* Assets.xcassets in Resources */ = {isa = PBXBuildFile; fileRef = 60B844A327064CD000EE1CDD /* Assets.xcassets */; };
		60B844A727064CD000EE1CDD /* LaunchScreen.storyboard in Resources */ = {isa = PBXBuildFile; fileRef = 60B844A527064CD000EE1CDD /* LaunchScreen.storyboard */; };
		60B844AF2707356D00EE1CDD /* SearchVC.swift in Sources */ = {isa = PBXBuildFile; fileRef = 60B844AE2707356D00EE1CDD /* SearchVC.swift */; };
		60B844B12707365400EE1CDD /* FavoritesListVC.swift in Sources */ = {isa = PBXBuildFile; fileRef = 60B844B02707365400EE1CDD /* FavoritesListVC.swift */; };
		60B844B327073A6100EE1CDD /* GFButton.swift in Sources */ = {isa = PBXBuildFile; fileRef = 60B844B227073A6100EE1CDD /* GFButton.swift */; };
		60B844B527073C8E00EE1CDD /* GFTextField.swift in Sources */ = {isa = PBXBuildFile; fileRef = 60B844B427073C8E00EE1CDD /* GFTextField.swift */; };
		60B844B7270783D400EE1CDD /* FollowerListVC.swift in Sources */ = {isa = PBXBuildFile; fileRef = 60B844B6270783D400EE1CDD /* FollowerListVC.swift */; };
		60B844B92707A94800EE1CDD /* GFTitleLabel.swift in Sources */ = {isa = PBXBuildFile; fileRef = 60B844B82707A94800EE1CDD /* GFTitleLabel.swift */; };
		60B844BB2707AA9C00EE1CDD /* GFBodyLabel.swift in Sources */ = {isa = PBXBuildFile; fileRef = 60B844BA2707AA9C00EE1CDD /* GFBodyLabel.swift */; };
		60B844BD2707AB4400EE1CDD /* GFAlertVC.swift in Sources */ = {isa = PBXBuildFile; fileRef = 60B844BC2707AB4400EE1CDD /* GFAlertVC.swift */; };
		60B844BF2707B11400EE1CDD /* UIViewController+Ext.swift in Sources */ = {isa = PBXBuildFile; fileRef = 60B844BE2707B11400EE1CDD /* UIViewController+Ext.swift */; };
		60B844C6270B4B2100EE1CDD /* Follower.swift in Sources */ = {isa = PBXBuildFile; fileRef = 60B844C5270B4B2100EE1CDD /* Follower.swift */; };
		60B844C8270B4BAD00EE1CDD /* User.swift in Sources */ = {isa = PBXBuildFile; fileRef = 60B844C7270B4BAD00EE1CDD /* User.swift */; };
		60B844CB270B4EC100EE1CDD /* NetworkManager.swift in Sources */ = {isa = PBXBuildFile; fileRef = 60B844CA270B4EC100EE1CDD /* NetworkManager.swift */; };
		60FAEF57270B8681001E1625 /* GFError.swift in Sources */ = {isa = PBXBuildFile; fileRef = 60FAEF56270B8681001E1625 /* GFError.swift */; };
		60FAEF5A270B8D35001E1625 /* FollowerCell.swift in Sources */ = {isa = PBXBuildFile; fileRef = 60FAEF59270B8D35001E1625 /* FollowerCell.swift */; };
		60FAEF5C270B8DA7001E1625 /* GFAvatarImageView.swift in Sources */ = {isa = PBXBuildFile; fileRef = 60FAEF5B270B8DA7001E1625 /* GFAvatarImageView.swift */; };
		60FAEF5E27134E1B001E1625 /* UIHelper.swift in Sources */ = {isa = PBXBuildFile; fileRef = 60FAEF5D27134E1B001E1625 /* UIHelper.swift */; };
		60FAEF672715D962001E1625 /* GFEmptyStateView.swift in Sources */ = {isa = PBXBuildFile; fileRef = 60FAEF662715D962001E1625 /* GFEmptyStateView.swift */; };
/* End PBXBuildFile section */

/* Begin PBXFileReference section */
		606EE908271A0E1300412C7D /* UserInfoVC.swift */ = {isa = PBXFileReference; lastKnownFileType = sourcecode.swift; path = UserInfoVC.swift; sourceTree = "<group>"; };
		606EE90A2725BB2600412C7D /* GFUserInfoHeaderVC.swift */ = {isa = PBXFileReference; lastKnownFileType = sourcecode.swift; path = GFUserInfoHeaderVC.swift; sourceTree = "<group>"; };
		606EE90C2725BB8C00412C7D /* GFSecondaryTitleLabel.swift */ = {isa = PBXFileReference; lastKnownFileType = sourcecode.swift; path = GFSecondaryTitleLabel.swift; sourceTree = "<group>"; };
		606EE90E2725E42C00412C7D /* Constants.swift */ = {isa = PBXFileReference; lastKnownFileType = sourcecode.swift; path = Constants.swift; sourceTree = "<group>"; };
		60AB88182726EAE100C2E17E /* GFItemInfoView.swift */ = {isa = PBXFileReference; lastKnownFileType = sourcecode.swift; path = GFItemInfoView.swift; sourceTree = "<group>"; };
		60AB881A272707FD00C2E17E /* GFItemInfoVC.swift */ = {isa = PBXFileReference; lastKnownFileType = sourcecode.swift; path = GFItemInfoVC.swift; sourceTree = "<group>"; };
		60AB881C27270B6B00C2E17E /* GFRepoItemVC.swift */ = {isa = PBXFileReference; lastKnownFileType = sourcecode.swift; path = GFRepoItemVC.swift; sourceTree = "<group>"; };
		60AB881E27273A6A00C2E17E /* GFFollowerItemVC.swift */ = {isa = PBXFileReference; lastKnownFileType = sourcecode.swift; path = GFFollowerItemVC.swift; sourceTree = "<group>"; };
		60B8449727064CCF00EE1CDD /* GitHubFollowers.app */ = {isa = PBXFileReference; explicitFileType = wrapper.application; includeInIndex = 0; path = GitHubFollowers.app; sourceTree = BUILT_PRODUCTS_DIR; };
		60B8449A27064CCF00EE1CDD /* AppDelegate.swift */ = {isa = PBXFileReference; lastKnownFileType = sourcecode.swift; path = AppDelegate.swift; sourceTree = "<group>"; };
		60B8449C27064CCF00EE1CDD /* SceneDelegate.swift */ = {isa = PBXFileReference; lastKnownFileType = sourcecode.swift; path = SceneDelegate.swift; sourceTree = "<group>"; };
		60B844A327064CD000EE1CDD /* Assets.xcassets */ = {isa = PBXFileReference; lastKnownFileType = folder.assetcatalog; path = Assets.xcassets; sourceTree = "<group>"; };
		60B844A627064CD000EE1CDD /* Base */ = {isa = PBXFileReference; lastKnownFileType = file.storyboard; name = Base; path = Base.lproj/LaunchScreen.storyboard; sourceTree = "<group>"; };
		60B844A827064CD000EE1CDD /* Info.plist */ = {isa = PBXFileReference; lastKnownFileType = text.plist.xml; path = Info.plist; sourceTree = "<group>"; };
		60B844AE2707356D00EE1CDD /* SearchVC.swift */ = {isa = PBXFileReference; lastKnownFileType = sourcecode.swift; path = SearchVC.swift; sourceTree = "<group>"; };
		60B844B02707365400EE1CDD /* FavoritesListVC.swift */ = {isa = PBXFileReference; lastKnownFileType = sourcecode.swift; path = FavoritesListVC.swift; sourceTree = "<group>"; };
		60B844B227073A6100EE1CDD /* GFButton.swift */ = {isa = PBXFileReference; lastKnownFileType = sourcecode.swift; path = GFButton.swift; sourceTree = "<group>"; };
		60B844B427073C8E00EE1CDD /* GFTextField.swift */ = {isa = PBXFileReference; lastKnownFileType = sourcecode.swift; path = GFTextField.swift; sourceTree = "<group>"; };
		60B844B6270783D400EE1CDD /* FollowerListVC.swift */ = {isa = PBXFileReference; lastKnownFileType = sourcecode.swift; path = FollowerListVC.swift; sourceTree = "<group>"; };
		60B844B82707A94800EE1CDD /* GFTitleLabel.swift */ = {isa = PBXFileReference; lastKnownFileType = sourcecode.swift; path = GFTitleLabel.swift; sourceTree = "<group>"; };
		60B844BA2707AA9C00EE1CDD /* GFBodyLabel.swift */ = {isa = PBXFileReference; lastKnownFileType = sourcecode.swift; path = GFBodyLabel.swift; sourceTree = "<group>"; };
		60B844BC2707AB4400EE1CDD /* GFAlertVC.swift */ = {isa = PBXFileReference; lastKnownFileType = sourcecode.swift; path = GFAlertVC.swift; sourceTree = "<group>"; };
		60B844BE2707B11400EE1CDD /* UIViewController+Ext.swift */ = {isa = PBXFileReference; lastKnownFileType = sourcecode.swift; path = "UIViewController+Ext.swift"; sourceTree = "<group>"; };
		60B844C5270B4B2100EE1CDD /* Follower.swift */ = {isa = PBXFileReference; lastKnownFileType = sourcecode.swift; path = Follower.swift; sourceTree = "<group>"; };
		60B844C7270B4BAD00EE1CDD /* User.swift */ = {isa = PBXFileReference; lastKnownFileType = sourcecode.swift; path = User.swift; sourceTree = "<group>"; };
		60B844CA270B4EC100EE1CDD /* NetworkManager.swift */ = {isa = PBXFileReference; lastKnownFileType = sourcecode.swift; path = NetworkManager.swift; sourceTree = "<group>"; };
		60FAEF56270B8681001E1625 /* GFError.swift */ = {isa = PBXFileReference; lastKnownFileType = sourcecode.swift; path = GFError.swift; sourceTree = "<group>"; };
		60FAEF59270B8D35001E1625 /* FollowerCell.swift */ = {isa = PBXFileReference; lastKnownFileType = sourcecode.swift; path = FollowerCell.swift; sourceTree = "<group>"; };
		60FAEF5B270B8DA7001E1625 /* GFAvatarImageView.swift */ = {isa = PBXFileReference; lastKnownFileType = sourcecode.swift; path = GFAvatarImageView.swift; sourceTree = "<group>"; };
		60FAEF5D27134E1B001E1625 /* UIHelper.swift */ = {isa = PBXFileReference; lastKnownFileType = sourcecode.swift; path = UIHelper.swift; sourceTree = "<group>"; };
		60FAEF662715D962001E1625 /* GFEmptyStateView.swift */ = {isa = PBXFileReference; lastKnownFileType = sourcecode.swift; path = GFEmptyStateView.swift; sourceTree = "<group>"; };
/* End PBXFileReference section */

/* Begin PBXFrameworksBuildPhase section */
		60B8449427064CCF00EE1CDD /* Frameworks */ = {
			isa = PBXFrameworksBuildPhase;
			buildActionMask = 2147483647;
			files = (
			);
			runOnlyForDeploymentPostprocessing = 0;
		};
/* End PBXFrameworksBuildPhase section */

/* Begin PBXGroup section */
		60AB882027273AAF00C2E17E /* ItemInfoVC */ = {
			isa = PBXGroup;
			children = (
				60AB881A272707FD00C2E17E /* GFItemInfoVC.swift */,
				60AB881E27273A6A00C2E17E /* GFFollowerItemVC.swift */,
				60AB881C27270B6B00C2E17E /* GFRepoItemVC.swift */,
			);
			path = ItemInfoVC;
			sourceTree = "<group>";
		};
		60B8448E27064CCF00EE1CDD = {
			isa = PBXGroup;
			children = (
				60B8449927064CCF00EE1CDD /* GitHubFollowers */,
				60B8449827064CCF00EE1CDD /* Products */,
			);
			sourceTree = "<group>";
		};
		60B8449827064CCF00EE1CDD /* Products */ = {
			isa = PBXGroup;
			children = (
				60B8449727064CCF00EE1CDD /* GitHubFollowers.app */,
			);
			name = Products;
			sourceTree = "<group>";
		};
		60B8449927064CCF00EE1CDD /* GitHubFollowers */ = {
			isa = PBXGroup;
			children = (
				60FAEF55270B866F001E1625 /* Utilities */,
				60B844C9270B4EB000EE1CDD /* Managers */,
				60B844C4270B4B1600EE1CDD /* Model */,
				60B844C2270B46B900EE1CDD /* Extenstions */,
				60B844C1270B468700EE1CDD /* CustomViews */,
				60B844C0270B465800EE1CDD /* Screens */,
				60B844C3270B470D00EE1CDD /* Support */,
			);
			path = GitHubFollowers;
			sourceTree = "<group>";
		};
		60B844C0270B465800EE1CDD /* Screens */ = {
			isa = PBXGroup;
			children = (
				60B844AE2707356D00EE1CDD /* SearchVC.swift */,
				60B844B02707365400EE1CDD /* FavoritesListVC.swift */,
				60B844B6270783D400EE1CDD /* FollowerListVC.swift */,
				606EE908271A0E1300412C7D /* UserInfoVC.swift */,
			);
			path = Screens;
			sourceTree = "<group>";
		};
		60B844C1270B468700EE1CDD /* CustomViews */ = {
			isa = PBXGroup;
			children = (
				60FAEF652715D92C001E1625 /* Labels */,
				60FAEF642715D91E001E1625 /* ViewControllers */,
				60FAEF632715D913001E1625 /* Views */,
				60FAEF622715D8FE001E1625 /* ImageViews */,
				60FAEF612715D8F1001E1625 /* TextFields */,
				60FAEF5F2715D8DC001E1625 /* Buttons */,
				60FAEF58270B8D08001E1625 /* Cells */,
			);
			path = CustomViews;
			sourceTree = "<group>";
		};
		60B844C2270B46B900EE1CDD /* Extenstions */ = {
			isa = PBXGroup;
			children = (
				60B844BE2707B11400EE1CDD /* UIViewController+Ext.swift */,
			);
			path = Extenstions;
			sourceTree = "<group>";
		};
		60B844C3270B470D00EE1CDD /* Support */ = {
			isa = PBXGroup;
			children = (
				60B8449A27064CCF00EE1CDD /* AppDelegate.swift */,
				60B8449C27064CCF00EE1CDD /* SceneDelegate.swift */,
				60B844A327064CD000EE1CDD /* Assets.xcassets */,
				60B844A527064CD000EE1CDD /* LaunchScreen.storyboard */,
				60B844A827064CD000EE1CDD /* Info.plist */,
			);
			path = Support;
			sourceTree = "<group>";
		};
		60B844C4270B4B1600EE1CDD /* Model */ = {
			isa = PBXGroup;
			children = (
				60B844C5270B4B2100EE1CDD /* Follower.swift */,
				60B844C7270B4BAD00EE1CDD /* User.swift */,
			);
			path = Model;
			sourceTree = "<group>";
		};
		60B844C9270B4EB000EE1CDD /* Managers */ = {
			isa = PBXGroup;
			children = (
				60B844CA270B4EC100EE1CDD /* NetworkManager.swift */,
			);
			path = Managers;
			sourceTree = "<group>";
		};
		60FAEF55270B866F001E1625 /* Utilities */ = {
			isa = PBXGroup;
			children = (
				60FAEF56270B8681001E1625 /* GFError.swift */,
				60FAEF5D27134E1B001E1625 /* UIHelper.swift */,
				606EE90E2725E42C00412C7D /* Constants.swift */,
			);
			path = Utilities;
			sourceTree = "<group>";
		};
		60FAEF58270B8D08001E1625 /* Cells */ = {
			isa = PBXGroup;
			children = (
				60FAEF59270B8D35001E1625 /* FollowerCell.swift */,
			);
			path = Cells;
			sourceTree = "<group>";
		};
		60FAEF5F2715D8DC001E1625 /* Buttons */ = {
			isa = PBXGroup;
			children = (
				60B844B227073A6100EE1CDD /* GFButton.swift */,
			);
			path = Buttons;
			sourceTree = "<group>";
		};
		60FAEF612715D8F1001E1625 /* TextFields */ = {
			isa = PBXGroup;
			children = (
				60B844B427073C8E00EE1CDD /* GFTextField.swift */,
			);
			path = TextFields;
			sourceTree = "<group>";
		};
		60FAEF622715D8FE001E1625 /* ImageViews */ = {
			isa = PBXGroup;
			children = (
				60FAEF5B270B8DA7001E1625 /* GFAvatarImageView.swift */,
			);
			path = ImageViews;
			sourceTree = "<group>";
		};
		60FAEF632715D913001E1625 /* Views */ = {
			isa = PBXGroup;
			children = (
				60FAEF662715D962001E1625 /* GFEmptyStateView.swift */,
				60AB88182726EAE100C2E17E /* GFItemInfoView.swift */,
			);
			path = Views;
			sourceTree = "<group>";
		};
		60FAEF642715D91E001E1625 /* ViewControllers */ = {
			isa = PBXGroup;
			children = (
				60AB882027273AAF00C2E17E /* ItemInfoVC */,
				60B844BC2707AB4400EE1CDD /* GFAlertVC.swift */,
				606EE90A2725BB2600412C7D /* GFUserInfoHeaderVC.swift */,
			);
			path = ViewControllers;
			sourceTree = "<group>";
		};
		60FAEF652715D92C001E1625 /* Labels */ = {
			isa = PBXGroup;
			children = (
				60B844B82707A94800EE1CDD /* GFTitleLabel.swift */,
				60B844BA2707AA9C00EE1CDD /* GFBodyLabel.swift */,
				606EE90C2725BB8C00412C7D /* GFSecondaryTitleLabel.swift */,
			);
			path = Labels;
			sourceTree = "<group>";
		};
/* End PBXGroup section */

/* Begin PBXNativeTarget section */
		60B8449627064CCF00EE1CDD /* GitHubFollowers */ = {
			isa = PBXNativeTarget;
			buildConfigurationList = 60B844AB27064CD000EE1CDD /* Build configuration list for PBXNativeTarget "GitHubFollowers" */;
			buildPhases = (
				60B8449327064CCF00EE1CDD /* Sources */,
				60B8449427064CCF00EE1CDD /* Frameworks */,
				60B8449527064CCF00EE1CDD /* Resources */,
			);
			buildRules = (
			);
			dependencies = (
			);
			name = GitHubFollowers;
			productName = GitHubFollowers;
			productReference = 60B8449727064CCF00EE1CDD /* GitHubFollowers.app */;
			productType = "com.apple.product-type.application";
		};
/* End PBXNativeTarget section */

/* Begin PBXProject section */
		60B8448F27064CCF00EE1CDD /* Project object */ = {
			isa = PBXProject;
			attributes = {
				LastSwiftUpdateCheck = 1250;
				LastUpgradeCheck = 1250;
				TargetAttributes = {
					60B8449627064CCF00EE1CDD = {
						CreatedOnToolsVersion = 12.5.1;
					};
				};
			};
			buildConfigurationList = 60B8449227064CCF00EE1CDD /* Build configuration list for PBXProject "GitHubFollowers" */;
			compatibilityVersion = "Xcode 9.3";
			developmentRegion = en;
			hasScannedForEncodings = 0;
			knownRegions = (
				en,
				Base,
			);
			mainGroup = 60B8448E27064CCF00EE1CDD;
			productRefGroup = 60B8449827064CCF00EE1CDD /* Products */;
			projectDirPath = "";
			projectRoot = "";
			targets = (
				60B8449627064CCF00EE1CDD /* GitHubFollowers */,
			);
		};
/* End PBXProject section */

/* Begin PBXResourcesBuildPhase section */
		60B8449527064CCF00EE1CDD /* Resources */ = {
			isa = PBXResourcesBuildPhase;
			buildActionMask = 2147483647;
			files = (
				60B844A727064CD000EE1CDD /* LaunchScreen.storyboard in Resources */,
				60B844A427064CD000EE1CDD /* Assets.xcassets in Resources */,
			);
			runOnlyForDeploymentPostprocessing = 0;
		};
/* End PBXResourcesBuildPhase section */

/* Begin PBXSourcesBuildPhase section */
		60B8449327064CCF00EE1CDD /* Sources */ = {
			isa = PBXSourcesBuildPhase;
			buildActionMask = 2147483647;
			files = (
				60B844C8270B4BAD00EE1CDD /* User.swift in Sources */,
				60B844B527073C8E00EE1CDD /* GFTextField.swift in Sources */,
				60B844B12707365400EE1CDD /* FavoritesListVC.swift in Sources */,
				60B844B327073A6100EE1CDD /* GFButton.swift in Sources */,
				60B844BF2707B11400EE1CDD /* UIViewController+Ext.swift in Sources */,
				60FAEF5E27134E1B001E1625 /* UIHelper.swift in Sources */,
				60AB881B272707FD00C2E17E /* GFItemInfoVC.swift in Sources */,
				606EE90F2725E42C00412C7D /* Constants.swift in Sources */,
				60FAEF5C270B8DA7001E1625 /* GFAvatarImageView.swift in Sources */,
				60B844AF2707356D00EE1CDD /* SearchVC.swift in Sources */,
				60B844BD2707AB4400EE1CDD /* GFAlertVC.swift in Sources */,
				60AB881F27273A6A00C2E17E /* GFFollowerItemVC.swift in Sources */,
				60AB88192726EAE100C2E17E /* GFItemInfoView.swift in Sources */,
				60FAEF5A270B8D35001E1625 /* FollowerCell.swift in Sources */,
				60B844BB2707AA9C00EE1CDD /* GFBodyLabel.swift in Sources */,
				606EE90B2725BB2600412C7D /* GFUserInfoHeaderVC.swift in Sources */,
				60B844C6270B4B2100EE1CDD /* Follower.swift in Sources */,
				60B844B92707A94800EE1CDD /* GFTitleLabel.swift in Sources */,
				60B844CB270B4EC100EE1CDD /* NetworkManager.swift in Sources */,
				606EE90D2725BB8C00412C7D /* GFSecondaryTitleLabel.swift in Sources */,
				60FAEF672715D962001E1625 /* GFEmptyStateView.swift in Sources */,
				60B844B7270783D400EE1CDD /* FollowerListVC.swift in Sources */,
				60B8449B27064CCF00EE1CDD /* AppDelegate.swift in Sources */,
				60FAEF57270B8681001E1625 /* GFError.swift in Sources */,
				60B8449D27064CCF00EE1CDD /* SceneDelegate.swift in Sources */,
				60AB881D27270B6B00C2E17E /* GFRepoItemVC.swift in Sources */,
				606EE909271A0E1300412C7D /* UserInfoVC.swift in Sources */,
			);
			runOnlyForDeploymentPostprocessing = 0;
		};
/* End PBXSourcesBuildPhase section */

/* Begin PBXVariantGroup section */
		60B844A527064CD000EE1CDD /* LaunchScreen.storyboard */ = {
			isa = PBXVariantGroup;
			children = (
				60B844A627064CD000EE1CDD /* Base */,
			);
			name = LaunchScreen.storyboard;
			sourceTree = "<group>";
		};
/* End PBXVariantGroup section */

/* Begin XCBuildConfiguration section */
		60B844A927064CD000EE1CDD /* Debug */ = {
			isa = XCBuildConfiguration;
			buildSettings = {
				ALWAYS_SEARCH_USER_PATHS = NO;
				CLANG_ANALYZER_NONNULL = YES;
				CLANG_ANALYZER_NUMBER_OBJECT_CONVERSION = YES_AGGRESSIVE;
				CLANG_CXX_LANGUAGE_STANDARD = "gnu++14";
				CLANG_CXX_LIBRARY = "libc++";
				CLANG_ENABLE_MODULES = YES;
				CLANG_ENABLE_OBJC_ARC = YES;
				CLANG_ENABLE_OBJC_WEAK = YES;
				CLANG_WARN_BLOCK_CAPTURE_AUTORELEASING = YES;
				CLANG_WARN_BOOL_CONVERSION = YES;
				CLANG_WARN_COMMA = YES;
				CLANG_WARN_CONSTANT_CONVERSION = YES;
				CLANG_WARN_DEPRECATED_OBJC_IMPLEMENTATIONS = YES;
				CLANG_WARN_DIRECT_OBJC_ISA_USAGE = YES_ERROR;
				CLANG_WARN_DOCUMENTATION_COMMENTS = YES;
				CLANG_WARN_EMPTY_BODY = YES;
				CLANG_WARN_ENUM_CONVERSION = YES;
				CLANG_WARN_INFINITE_RECURSION = YES;
				CLANG_WARN_INT_CONVERSION = YES;
				CLANG_WARN_NON_LITERAL_NULL_CONVERSION = YES;
				CLANG_WARN_OBJC_IMPLICIT_RETAIN_SELF = YES;
				CLANG_WARN_OBJC_LITERAL_CONVERSION = YES;
				CLANG_WARN_OBJC_ROOT_CLASS = YES_ERROR;
				CLANG_WARN_QUOTED_INCLUDE_IN_FRAMEWORK_HEADER = YES;
				CLANG_WARN_RANGE_LOOP_ANALYSIS = YES;
				CLANG_WARN_STRICT_PROTOTYPES = YES;
				CLANG_WARN_SUSPICIOUS_MOVE = YES;
				CLANG_WARN_UNGUARDED_AVAILABILITY = YES_AGGRESSIVE;
				CLANG_WARN_UNREACHABLE_CODE = YES;
				CLANG_WARN__DUPLICATE_METHOD_MATCH = YES;
				COPY_PHASE_STRIP = NO;
				DEBUG_INFORMATION_FORMAT = dwarf;
				ENABLE_STRICT_OBJC_MSGSEND = YES;
				ENABLE_TESTABILITY = YES;
				GCC_C_LANGUAGE_STANDARD = gnu11;
				GCC_DYNAMIC_NO_PIC = NO;
				GCC_NO_COMMON_BLOCKS = YES;
				GCC_OPTIMIZATION_LEVEL = 0;
				GCC_PREPROCESSOR_DEFINITIONS = (
					"DEBUG=1",
					"$(inherited)",
				);
				GCC_WARN_64_TO_32_BIT_CONVERSION = YES;
				GCC_WARN_ABOUT_RETURN_TYPE = YES_ERROR;
				GCC_WARN_UNDECLARED_SELECTOR = YES;
				GCC_WARN_UNINITIALIZED_AUTOS = YES_AGGRESSIVE;
				GCC_WARN_UNUSED_FUNCTION = YES;
				GCC_WARN_UNUSED_VARIABLE = YES;
				IPHONEOS_DEPLOYMENT_TARGET = 14.5;
				MTL_ENABLE_DEBUG_INFO = INCLUDE_SOURCE;
				MTL_FAST_MATH = YES;
				ONLY_ACTIVE_ARCH = YES;
				SDKROOT = iphoneos;
				SWIFT_ACTIVE_COMPILATION_CONDITIONS = DEBUG;
				SWIFT_OPTIMIZATION_LEVEL = "-Onone";
			};
			name = Debug;
		};
		60B844AA27064CD000EE1CDD /* Release */ = {
			isa = XCBuildConfiguration;
			buildSettings = {
				ALWAYS_SEARCH_USER_PATHS = NO;
				CLANG_ANALYZER_NONNULL = YES;
				CLANG_ANALYZER_NUMBER_OBJECT_CONVERSION = YES_AGGRESSIVE;
				CLANG_CXX_LANGUAGE_STANDARD = "gnu++14";
				CLANG_CXX_LIBRARY = "libc++";
				CLANG_ENABLE_MODULES = YES;
				CLANG_ENABLE_OBJC_ARC = YES;
				CLANG_ENABLE_OBJC_WEAK = YES;
				CLANG_WARN_BLOCK_CAPTURE_AUTORELEASING = YES;
				CLANG_WARN_BOOL_CONVERSION = YES;
				CLANG_WARN_COMMA = YES;
				CLANG_WARN_CONSTANT_CONVERSION = YES;
				CLANG_WARN_DEPRECATED_OBJC_IMPLEMENTATIONS = YES;
				CLANG_WARN_DIRECT_OBJC_ISA_USAGE = YES_ERROR;
				CLANG_WARN_DOCUMENTATION_COMMENTS = YES;
				CLANG_WARN_EMPTY_BODY = YES;
				CLANG_WARN_ENUM_CONVERSION = YES;
				CLANG_WARN_INFINITE_RECURSION = YES;
				CLANG_WARN_INT_CONVERSION = YES;
				CLANG_WARN_NON_LITERAL_NULL_CONVERSION = YES;
				CLANG_WARN_OBJC_IMPLICIT_RETAIN_SELF = YES;
				CLANG_WARN_OBJC_LITERAL_CONVERSION = YES;
				CLANG_WARN_OBJC_ROOT_CLASS = YES_ERROR;
				CLANG_WARN_QUOTED_INCLUDE_IN_FRAMEWORK_HEADER = YES;
				CLANG_WARN_RANGE_LOOP_ANALYSIS = YES;
				CLANG_WARN_STRICT_PROTOTYPES = YES;
				CLANG_WARN_SUSPICIOUS_MOVE = YES;
				CLANG_WARN_UNGUARDED_AVAILABILITY = YES_AGGRESSIVE;
				CLANG_WARN_UNREACHABLE_CODE = YES;
				CLANG_WARN__DUPLICATE_METHOD_MATCH = YES;
				COPY_PHASE_STRIP = NO;
				DEBUG_INFORMATION_FORMAT = "dwarf-with-dsym";
				ENABLE_NS_ASSERTIONS = NO;
				ENABLE_STRICT_OBJC_MSGSEND = YES;
				GCC_C_LANGUAGE_STANDARD = gnu11;
				GCC_NO_COMMON_BLOCKS = YES;
				GCC_WARN_64_TO_32_BIT_CONVERSION = YES;
				GCC_WARN_ABOUT_RETURN_TYPE = YES_ERROR;
				GCC_WARN_UNDECLARED_SELECTOR = YES;
				GCC_WARN_UNINITIALIZED_AUTOS = YES_AGGRESSIVE;
				GCC_WARN_UNUSED_FUNCTION = YES;
				GCC_WARN_UNUSED_VARIABLE = YES;
				IPHONEOS_DEPLOYMENT_TARGET = 14.5;
				MTL_ENABLE_DEBUG_INFO = NO;
				MTL_FAST_MATH = YES;
				SDKROOT = iphoneos;
				SWIFT_COMPILATION_MODE = wholemodule;
				SWIFT_OPTIMIZATION_LEVEL = "-O";
				VALIDATE_PRODUCT = YES;
			};
			name = Release;
		};
		60B844AC27064CD000EE1CDD /* Debug */ = {
			isa = XCBuildConfiguration;
			buildSettings = {
				ASSETCATALOG_COMPILER_APPICON_NAME = AppIcon;
				ASSETCATALOG_COMPILER_GLOBAL_ACCENT_COLOR_NAME = AccentColor;
				CODE_SIGN_STYLE = Automatic;
				DEVELOPMENT_TEAM = 9KL3BT2U4V;
				INFOPLIST_FILE = GitHubFollowers/Support/Info.plist;
				LD_RUNPATH_SEARCH_PATHS = (
					"$(inherited)",
					"@executable_path/Frameworks",
				);
				PRODUCT_BUNDLE_IDENTIFIER = AntonSobolev.GitHubFollowers;
				PRODUCT_NAME = "$(TARGET_NAME)";
				SWIFT_VERSION = 5.0;
				TARGETED_DEVICE_FAMILY = 1;
			};
			name = Debug;
		};
		60B844AD27064CD000EE1CDD /* Release */ = {
			isa = XCBuildConfiguration;
			buildSettings = {
				ASSETCATALOG_COMPILER_APPICON_NAME = AppIcon;
				ASSETCATALOG_COMPILER_GLOBAL_ACCENT_COLOR_NAME = AccentColor;
				CODE_SIGN_STYLE = Automatic;
				DEVELOPMENT_TEAM = 9KL3BT2U4V;
				INFOPLIST_FILE = GitHubFollowers/Support/Info.plist;
				LD_RUNPATH_SEARCH_PATHS = (
					"$(inherited)",
					"@executable_path/Frameworks",
				);
				PRODUCT_BUNDLE_IDENTIFIER = AntonSobolev.GitHubFollowers;
				PRODUCT_NAME = "$(TARGET_NAME)";
				SWIFT_VERSION = 5.0;
				TARGETED_DEVICE_FAMILY = 1;
			};
			name = Release;
		};
/* End XCBuildConfiguration section */

/* Begin XCConfigurationList section */
		60B8449227064CCF00EE1CDD /* Build configuration list for PBXProject "GitHubFollowers" */ = {
			isa = XCConfigurationList;
			buildConfigurations = (
				60B844A927064CD000EE1CDD /* Debug */,
				60B844AA27064CD000EE1CDD /* Release */,
			);
			defaultConfigurationIsVisible = 0;
			defaultConfigurationName = Release;
		};
		60B844AB27064CD000EE1CDD /* Build configuration list for PBXNativeTarget "GitHubFollowers" */ = {
			isa = XCConfigurationList;
			buildConfigurations = (
				60B844AC27064CD000EE1CDD /* Debug */,
				60B844AD27064CD000EE1CDD /* Release */,
			);
			defaultConfigurationIsVisible = 0;
			defaultConfigurationName = Release;
		};
/* End XCConfigurationList section */
	};
	rootObject = 60B8448F27064CCF00EE1CDD /* Project object */;
}
